
Microsoft Visual Studio Solution File, Format Version 12.00
# Visual Studio 15
VisualStudioVersion = 15.0.26228.12
MinimumVisualStudioVersion = 10.0.40219.1
Project("{FAE04EC0-301F-11D3-BF4B-00C04F79EFBC}") = "IndexFilePerfTest", "IndexFilePerfTest\IndexFilePerfTest.csproj", "{A3ABACA5-4C51-469B-A38B-51BBAB493CA8}"
EndProject
Project("{2150E333-8FDC-42A3-9474-1A3956D46DE8}") = "Solution Items", "Solution Items", "{F5F86C4F-E72E-4C06-AFBC-CACBEA1EB791}"
	ProjectSection(SolutionItems) = preProject
		..\README.md = ..\README.md
	EndProjectSection
EndProject
Project("{F5034706-568F-408A-B7B3-4D38C6DB8A32}") = "Creation", "Creation\Creation.pssproj", "{6CAFC0C6-A428-4D30-A9F9-700E829FEA51}"
EndProject
Project("{FAE04EC0-301F-11D3-BF4B-00C04F79EFBC}") = "Tests", "Tests\Tests.csproj", "{56B9CDD9-C814-4B76-BF83-B66F9DABC494}"
EndProject
Global
	GlobalSection(SolutionConfigurationPlatforms) = preSolution
		Debug|Any CPU = Debug|Any CPU
		Release|Any CPU = Release|Any CPU
	EndGlobalSection
	GlobalSection(ProjectConfigurationPlatforms) = postSolution
		{A3ABACA5-4C51-469B-A38B-51BBAB493CA8}.Debug|Any CPU.ActiveCfg = Debug|Any CPU
		{A3ABACA5-4C51-469B-A38B-51BBAB493CA8}.Debug|Any CPU.Build.0 = Debug|Any CPU
		{A3ABACA5-4C51-469B-A38B-51BBAB493CA8}.Release|Any CPU.ActiveCfg = Release|Any CPU
		{A3ABACA5-4C51-469B-A38B-51BBAB493CA8}.Release|Any CPU.Build.0 = Release|Any CPU
		{6CAFC0C6-A428-4D30-A9F9-700E829FEA51}.Debug|Any CPU.ActiveCfg = Debug|Any CPU
		{6CAFC0C6-A428-4D30-A9F9-700E829FEA51}.Debug|Any CPU.Build.0 = Debug|Any CPU
		{6CAFC0C6-A428-4D30-A9F9-700E829FEA51}.Release|Any CPU.ActiveCfg = Release|Any CPU
		{6CAFC0C6-A428-4D30-A9F9-700E829FEA51}.Release|Any CPU.Build.0 = Release|Any CPU
		{56B9CDD9-C814-4B76-BF83-B66F9DABC494}.Debug|Any CPU.ActiveCfg = Debug|Any CPU
		{56B9CDD9-C814-4B76-BF83-B66F9DABC494}.Debug|Any CPU.Build.0 = Debug|Any CPU
		{56B9CDD9-C814-4B76-BF83-B66F9DABC494}.Release|Any CPU.ActiveCfg = Release|Any CPU
		{56B9CDD9-C814-4B76-BF83-B66F9DABC494}.Release|Any CPU.Build.0 = Release|Any CPU
	EndGlobalSection
	GlobalSection(SolutionProperties) = preSolution
		HideSolutionNode = FALSE
	EndGlobalSection
EndGlobal
